Microsoft Visual Studio Solution File, Format Version 12.00
# Visual Studio Version 17
VisualStudioVersion = 17.5.2.0
MinimumVisualStudioVersion = 10.0.40219.1
Project("{FAE04EC0-301F-11D3-BF4B-00C04F79EFBC}") = "derTransporte", "derTransporte.csproj", "{01B79F42-0E26-B084-864C-8553EB97ABAB}"
EndProject
Global
	GlobalSection(SolutionConfigurationPlatforms) = preSolution
		Debug|Any CPU = Debug|Any CPU
		Release|Any CPU = Release|Any CPU
	EndGlobalSection
	GlobalSection(ProjectConfigurationPlatforms) = postSolution
		{01B79F42-0E26-B084-864C-8553EB97ABAB}.Debug|Any CPU.ActiveCfg = Debug|Any CPU
		{01B79F42-0E26-B084-864C-8553EB97ABAB}.Debug|Any CPU.Build.0 = Debug|Any CPU
		{01B79F42-0E26-B084-864C-8553EB97ABAB}.Release|Any CPU.ActiveCfg = Release|Any CPU
		{01B79F42-0E26-B084-864C-8553EB97ABAB}.Release|Any CPU.Build.0 = Release|Any CPU
	EndGlobalSection
	GlobalSection(SolutionProperties) = preSolution
		HideSolutionNode = FALSE
	EndGlobalSection
	GlobalSection(ExtensibilityGlobals) = postSolution
		SolutionGuid = {B7B26139-8E81-47F8-8D68-2B59A97B3655}
	EndGlobalSection
EndGlobal
